
Microsoft Visual Studio Solution File, Format Version 12.00
# Visual Studio 15
VisualStudioVersion = 15.0.27130.2027
MinimumVisualStudioVersion = 10.0.40219.1
Project("{FAE04EC0-301F-11D3-BF4B-00C04F79EFBC}") = "scrapeAPI", "scrapeAPI\scrapeAPI.csproj", "{3FB14D30-ACD0-4E43-A607-3410524C3DE3}"
EndProject
Project("{FAE04EC0-301F-11D3-BF4B-00C04F79EFBC}") = "dsutil", "..\dsutil\dsutil.csproj", "{7FA17F92-860B-4367-AB69-A3A417A29A79}"
EndProject
Project("{FAE04EC0-301F-11D3-BF4B-00C04F79EFBC}") = "dsmodels", "..\dsmodels\dsmodels\dsmodels.csproj", "{A34F18F9-50A8-4648-87A9-70743B810E71}"
EndProject
Global
	GlobalSection(SolutionConfigurationPlatforms) = preSolution
		Debug|Any CPU = Debug|Any CPU
		Release|Any CPU = Release|Any CPU
	EndGlobalSection
	GlobalSection(ProjectConfigurationPlatforms) = postSolution
		{3FB14D30-ACD0-4E43-A607-3410524C3DE3}.Debug|Any CPU.ActiveCfg = Debug|Any CPU
		{3FB14D30-ACD0-4E43-A607-3410524C3DE3}.Debug|Any CPU.Build.0 = Debug|Any CPU
		{3FB14D30-ACD0-4E43-A607-3410524C3DE3}.Release|Any CPU.ActiveCfg = Release|Any CPU
		{3FB14D30-ACD0-4E43-A607-3410524C3DE3}.Release|Any CPU.Build.0 = Release|Any CPU
		{7FA17F92-860B-4367-AB69-A3A417A29A79}.Debug|Any CPU.ActiveCfg = Debug|Any CPU
		{7FA17F92-860B-4367-AB69-A3A417A29A79}.Debug|Any CPU.Build.0 = Debug|Any CPU
		{7FA17F92-860B-4367-AB69-A3A417A29A79}.Release|Any CPU.ActiveCfg = Release|Any CPU
		{7FA17F92-860B-4367-AB69-A3A417A29A79}.Release|Any CPU.Build.0 = Release|Any CPU
		{A34F18F9-50A8-4648-87A9-70743B810E71}.Debug|Any CPU.ActiveCfg = Debug|Any CPU
		{A34F18F9-50A8-4648-87A9-70743B810E71}.Debug|Any CPU.Build.0 = Debug|Any CPU
		{A34F18F9-50A8-4648-87A9-70743B810E71}.Release|Any CPU.ActiveCfg = Release|Any CPU
		{A34F18F9-50A8-4648-87A9-70743B810E71}.Release|Any CPU.Build.0 = Release|Any CPU
	EndGlobalSection
	GlobalSection(SolutionProperties) = preSolution
		HideSolutionNode = FALSE
	EndGlobalSection
	GlobalSection(ExtensibilityGlobals) = postSolution
		SolutionGuid = {67F8F7D4-A180-4170-8D72-477D0CC558BD}
	EndGlobalSection
EndGlobal
